
Microsoft Visual Studio Solution File, Format Version 10.00
# Visual Studio 2008
Project("{FAE04EC0-301F-11D3-BF4B-00C04F79EFBC}") = "slf4net.log4net_noNuget", "slf4net.log4net\slf4net.log4net_noNuget.csproj", "{1F8642C5-9C19-4C6F-A8AA-819BB664077C}"
EndProject
Project("{FAE04EC0-301F-11D3-BF4B-00C04F79EFBC}") = "slf4net_noNuget", "slf4net\slf4net_noNuget.csproj", "{8DEDBF8B-EEFD-460F-98FC-CBCDCE8470A1}"
EndProject
Global
	GlobalSection(SolutionConfigurationPlatforms) = preSolution
		Debug|Any CPU = Debug|Any CPU
		Release|Any CPU = Release|Any CPU
	EndGlobalSection
	GlobalSection(ProjectConfigurationPlatforms) = postSolution
		{1F8642C5-9C19-4C6F-A8AA-819BB664077C}.Debug|Any CPU.ActiveCfg = Debug|Any CPU
		{1F8642C5-9C19-4C6F-A8AA-819BB664077C}.Debug|Any CPU.Build.0 = Debug|Any CPU
		{1F8642C5-9C19-4C6F-A8AA-819BB664077C}.Release|Any CPU.ActiveCfg = Release|Any CPU
		{1F8642C5-9C19-4C6F-A8AA-819BB664077C}.Release|Any CPU.Build.0 = Release|Any CPU
		{8DEDBF8B-EEFD-460F-98FC-CBCDCE8470A1}.Debug|Any CPU.ActiveCfg = Debug|Any CPU
		{8DEDBF8B-EEFD-460F-98FC-CBCDCE8470A1}.Debug|Any CPU.Build.0 = Debug|Any CPU
		{8DEDBF8B-EEFD-460F-98FC-CBCDCE8470A1}.Release|Any CPU.ActiveCfg = Release|Any CPU
		{8DEDBF8B-EEFD-460F-98FC-CBCDCE8470A1}.Release|Any CPU.Build.0 = Release|Any CPU
	EndGlobalSection
	GlobalSection(SolutionProperties) = preSolution
		HideSolutionNode = FALSE
	EndGlobalSection
EndGlobal
