
Microsoft Visual Studio Solution File, Format Version 11.00
# Visual Studio 2010
Project("{2150E333-8FDC-42A3-9474-1A3956D46DE8}") = "Tests", "Tests", "{B90B0A41-FF2A-4B90-A530-39AB7D0D456C}"
EndProject
Project("{FAE04EC0-301F-11D3-BF4B-00C04F79EFBC}") = "slf4net", "slf4net\slf4net.csproj", "{F969A551-EE0E-4129-9E88-AC5291985589}"
EndProject
Project("{FAE04EC0-301F-11D3-BF4B-00C04F79EFBC}") = "slf4net.Moqs", "Tests\slf4net.Moqs\slf4net.Moqs.csproj", "{6554750C-D44D-47C9-81A6-9C0353C91E81}"
EndProject
Project("{FAE04EC0-301F-11D3-BF4B-00C04F79EFBC}") = "slf4net.Tests", "Tests\slf4net.Tests\slf4net.Tests.csproj", "{2AECA60D-4A10-433C-881A-ADE69E2A3DA1}"
EndProject
Project("{FAE04EC0-301F-11D3-BF4B-00C04F79EFBC}") = "slf4net.log4net", "slf4net.log4net\slf4net.log4net.csproj", "{67C30AFE-0952-4C45-B1BA-38EA1CBA6B42}"
EndProject
Project("{FAE04EC0-301F-11D3-BF4B-00C04F79EFBC}") = "slf4net.NLog", "slf4net.NLog\slf4net.NLog.csproj", "{AB8A3AB3-06C9-4D74-BE75-3CC3E72287A4}"
EndProject
Project("{FAE04EC0-301F-11D3-BF4B-00C04F79EFBC}") = "slf4net.log4net.Tests", "Tests\slf4net.log4net.Tests\slf4net.log4net.Tests.csproj", "{90B6EE59-950A-4E48-9235-F2A16A6B5AFE}"
EndProject
Project("{FAE04EC0-301F-11D3-BF4B-00C04F79EFBC}") = "slf4net.NLog.Tests", "Tests\slf4net.NLog.Tests\slf4net.NLog.Tests.csproj", "{1ABB0B2B-1E3F-4BA4-8AD7-4763A16D8E00}"
EndProject
Project("{2150E333-8FDC-42A3-9474-1A3956D46DE8}") = "Solution Items", "Solution Items", "{4D73B518-5798-4A3E-BB3C-63ADF6836943}"
ProjectSection(SolutionItems) = preProject
	..\.gitignore = ..\.gitignore
	..\.travis.yml = ..\.travis.yml
	..\nuget-push.sh = ..\nuget-push.sh
	..\README.md = ..\README.md
	slf4net.targets = slf4net.targets
	..\LICENSE = ..\LICENSE
EndProjectSection
EndProject
Global
	GlobalSection(TestCaseManagementSettings) = postSolution
		CategoryFile = slf4net.vsmdi
	EndGlobalSection
	GlobalSection(SolutionConfigurationPlatforms) = preSolution
		Debug|Any CPU = Debug|Any CPU
		Release|Any CPU = Release|Any CPU
	EndGlobalSection
	GlobalSection(ProjectConfigurationPlatforms) = postSolution
		{F969A551-EE0E-4129-9E88-AC5291985589}.Debug|Any CPU.ActiveCfg = Debug|Any CPU
		{F969A551-EE0E-4129-9E88-AC5291985589}.Debug|Any CPU.Build.0 = Debug|Any CPU
		{F969A551-EE0E-4129-9E88-AC5291985589}.Release|Any CPU.ActiveCfg = Release|Any CPU
		{F969A551-EE0E-4129-9E88-AC5291985589}.Release|Any CPU.Build.0 = Release|Any CPU
		{6554750C-D44D-47C9-81A6-9C0353C91E81}.Debug|Any CPU.ActiveCfg = Debug|Any CPU
		{6554750C-D44D-47C9-81A6-9C0353C91E81}.Debug|Any CPU.Build.0 = Debug|Any CPU
		{6554750C-D44D-47C9-81A6-9C0353C91E81}.Release|Any CPU.ActiveCfg = Release|Any CPU
		{6554750C-D44D-47C9-81A6-9C0353C91E81}.Release|Any CPU.Build.0 = Release|Any CPU
		{2AECA60D-4A10-433C-881A-ADE69E2A3DA1}.Debug|Any CPU.ActiveCfg = Debug|Any CPU
		{2AECA60D-4A10-433C-881A-ADE69E2A3DA1}.Debug|Any CPU.Build.0 = Debug|Any CPU
		{2AECA60D-4A10-433C-881A-ADE69E2A3DA1}.Release|Any CPU.ActiveCfg = Release|Any CPU
		{2AECA60D-4A10-433C-881A-ADE69E2A3DA1}.Release|Any CPU.Build.0 = Release|Any CPU
		{67C30AFE-0952-4C45-B1BA-38EA1CBA6B42}.Debug|Any CPU.ActiveCfg = Debug|Any CPU
		{67C30AFE-0952-4C45-B1BA-38EA1CBA6B42}.Debug|Any CPU.Build.0 = Debug|Any CPU
		{67C30AFE-0952-4C45-B1BA-38EA1CBA6B42}.Release|Any CPU.ActiveCfg = Release|Any CPU
		{67C30AFE-0952-4C45-B1BA-38EA1CBA6B42}.Release|Any CPU.Build.0 = Release|Any CPU
		{AB8A3AB3-06C9-4D74-BE75-3CC3E72287A4}.Debug|Any CPU.ActiveCfg = Debug|Any CPU
		{AB8A3AB3-06C9-4D74-BE75-3CC3E72287A4}.Debug|Any CPU.Build.0 = Debug|Any CPU
		{AB8A3AB3-06C9-4D74-BE75-3CC3E72287A4}.Release|Any CPU.ActiveCfg = Release|Any CPU
		{AB8A3AB3-06C9-4D74-BE75-3CC3E72287A4}.Release|Any CPU.Build.0 = Release|Any CPU
		{90B6EE59-950A-4E48-9235-F2A16A6B5AFE}.Debug|Any CPU.ActiveCfg = Debug|Any CPU
		{90B6EE59-950A-4E48-9235-F2A16A6B5AFE}.Debug|Any CPU.Build.0 = Debug|Any CPU
		{90B6EE59-950A-4E48-9235-F2A16A6B5AFE}.Release|Any CPU.ActiveCfg = Release|Any CPU
		{90B6EE59-950A-4E48-9235-F2A16A6B5AFE}.Release|Any CPU.Build.0 = Release|Any CPU
		{1ABB0B2B-1E3F-4BA4-8AD7-4763A16D8E00}.Debug|Any CPU.ActiveCfg = Debug|Any CPU
		{1ABB0B2B-1E3F-4BA4-8AD7-4763A16D8E00}.Debug|Any CPU.Build.0 = Debug|Any CPU
		{1ABB0B2B-1E3F-4BA4-8AD7-4763A16D8E00}.Release|Any CPU.ActiveCfg = Release|Any CPU
		{1ABB0B2B-1E3F-4BA4-8AD7-4763A16D8E00}.Release|Any CPU.Build.0 = Release|Any CPU
	EndGlobalSection
	GlobalSection(SolutionProperties) = preSolution
		HideSolutionNode = FALSE
	EndGlobalSection
	GlobalSection(NestedProjects) = preSolution
		{6554750C-D44D-47C9-81A6-9C0353C91E81} = {B90B0A41-FF2A-4B90-A530-39AB7D0D456C}
		{2AECA60D-4A10-433C-881A-ADE69E2A3DA1} = {B90B0A41-FF2A-4B90-A530-39AB7D0D456C}
		{90B6EE59-950A-4E48-9235-F2A16A6B5AFE} = {B90B0A41-FF2A-4B90-A530-39AB7D0D456C}
		{1ABB0B2B-1E3F-4BA4-8AD7-4763A16D8E00} = {B90B0A41-FF2A-4B90-A530-39AB7D0D456C}
	EndGlobalSection
EndGlobal
